
Microsoft Visual Studio Solution File, Format Version 12.00
# Visual Studio Version 17
VisualStudioVersion = 17.4.33403.182
MinimumVisualStudioVersion = 10.0.40219.1
Project("{FAE04EC0-301F-11D3-BF4B-00C04F79EFBC}") = "Tanks", "Tanks\Tanks.csproj", "{2637EF96-02C7-460F-8A90-17214409FFD8}"
EndProject
Global
	GlobalSection(SolutionConfigurationPlatforms) = preSolution
		Debug|Any CPU = Debug|Any CPU
		Release|Any CPU = Release|Any CPU
	EndGlobalSection
	GlobalSection(ProjectConfigurationPlatforms) = postSolution
		{2637EF96-02C7-460F-8A90-17214409FFD8}.Debug|Any CPU.ActiveCfg = Debug|Any CPU
		{2637EF96-02C7-460F-8A90-17214409FFD8}.Debug|Any CPU.Build.0 = Debug|Any CPU
		{2637EF96-02C7-460F-8A90-17214409FFD8}.Release|Any CPU.ActiveCfg = Release|Any CPU
		{2637EF96-02C7-460F-8A90-17214409FFD8}.Release|Any CPU.Build.0 = Release|Any CPU
	EndGlobalSection
	GlobalSection(SolutionProperties) = preSolution
		HideSolutionNode = FALSE
	EndGlobalSection
	GlobalSection(ExtensibilityGlobals) = postSolution
		SolutionGuid = {E710014B-5D35-44EA-A973-B1CD1DEB9197}
	EndGlobalSection
EndGlobal
